
Microsoft Visual Studio Solution File, Format Version 12.00
# Visual Studio Version 16
VisualStudioVersion = 16.6.30114.105
MinimumVisualStudioVersion = 10.0.40219.1
Project("{FAE04EC0-301F-11D3-BF4B-00C04F79EFBC}") = "SmileyBot.Console", "SmileyBot.Console\SmileyBot.Console.csproj", "{CE35F3E9-D2AB-43BA-8086-B81A99A789C1}"
EndProject
Project("{FAE04EC0-301F-11D3-BF4B-00C04F79EFBC}") = "SmileyBot.DAL", "SmileyBot.DAL\SmileyBot.DAL.csproj", "{88E4CE2D-8FA2-49A8-91BC-78CEF0D9E899}"
EndProject
Project("{FAE04EC0-301F-11D3-BF4B-00C04F79EFBC}") = "SmileyBot.ApplicationCore", "SmileyBot.ApplicationCore\SmileyBot.ApplicationCore.csproj", "{BA2A2307-AEB4-453B-A2DA-0270C7AFBD41}"
EndProject
Project("{FAE04EC0-301F-11D3-BF4B-00C04F79EFBC}") = "SmileyBot.Tests", "SmileyBot.Tests\SmileyBot.Tests.csproj", "{9A8661D3-CD5F-4F1E-AD9E-B70142729E79}"
EndProject
Project("{FAE04EC0-301F-11D3-BF4B-00C04F79EFBC}") = "SmileyBot.Shared", "SmileyBot.Shared\SmileyBot.Shared.csproj", "{C7292586-77D5-4D75-9520-33CCEFB9E7B3}"
EndProject
Global
	GlobalSection(SolutionConfigurationPlatforms) = preSolution
		Debug|Any CPU = Debug|Any CPU
		Debug|x64 = Debug|x64
		Debug|x86 = Debug|x86
		Release|Any CPU = Release|Any CPU
		Release|x64 = Release|x64
		Release|x86 = Release|x86
	EndGlobalSection
	GlobalSection(SolutionProperties) = preSolution
		HideSolutionNode = FALSE
	EndGlobalSection
	GlobalSection(ProjectConfigurationPlatforms) = postSolution
		{CE35F3E9-D2AB-43BA-8086-B81A99A789C1}.Debug|Any CPU.ActiveCfg = Debug|Any CPU
		{CE35F3E9-D2AB-43BA-8086-B81A99A789C1}.Debug|Any CPU.Build.0 = Debug|Any CPU
		{CE35F3E9-D2AB-43BA-8086-B81A99A789C1}.Debug|x64.ActiveCfg = Debug|Any CPU
		{CE35F3E9-D2AB-43BA-8086-B81A99A789C1}.Debug|x64.Build.0 = Debug|Any CPU
		{CE35F3E9-D2AB-43BA-8086-B81A99A789C1}.Debug|x86.ActiveCfg = Debug|Any CPU
		{CE35F3E9-D2AB-43BA-8086-B81A99A789C1}.Debug|x86.Build.0 = Debug|Any CPU
		{CE35F3E9-D2AB-43BA-8086-B81A99A789C1}.Release|Any CPU.ActiveCfg = Release|Any CPU
		{CE35F3E9-D2AB-43BA-8086-B81A99A789C1}.Release|Any CPU.Build.0 = Release|Any CPU
		{CE35F3E9-D2AB-43BA-8086-B81A99A789C1}.Release|x64.ActiveCfg = Release|Any CPU
		{CE35F3E9-D2AB-43BA-8086-B81A99A789C1}.Release|x64.Build.0 = Release|Any CPU
		{CE35F3E9-D2AB-43BA-8086-B81A99A789C1}.Release|x86.ActiveCfg = Release|Any CPU
		{CE35F3E9-D2AB-43BA-8086-B81A99A789C1}.Release|x86.Build.0 = Release|Any CPU
		{88E4CE2D-8FA2-49A8-91BC-78CEF0D9E899}.Debug|Any CPU.ActiveCfg = Debug|Any CPU
		{88E4CE2D-8FA2-49A8-91BC-78CEF0D9E899}.Debug|Any CPU.Build.0 = Debug|Any CPU
		{88E4CE2D-8FA2-49A8-91BC-78CEF0D9E899}.Debug|x64.ActiveCfg = Debug|Any CPU
		{88E4CE2D-8FA2-49A8-91BC-78CEF0D9E899}.Debug|x64.Build.0 = Debug|Any CPU
		{88E4CE2D-8FA2-49A8-91BC-78CEF0D9E899}.Debug|x86.ActiveCfg = Debug|Any CPU
		{88E4CE2D-8FA2-49A8-91BC-78CEF0D9E899}.Debug|x86.Build.0 = Debug|Any CPU
		{88E4CE2D-8FA2-49A8-91BC-78CEF0D9E899}.Release|Any CPU.ActiveCfg = Release|Any CPU
		{88E4CE2D-8FA2-49A8-91BC-78CEF0D9E899}.Release|Any CPU.Build.0 = Release|Any CPU
		{88E4CE2D-8FA2-49A8-91BC-78CEF0D9E899}.Release|x64.ActiveCfg = Release|Any CPU
		{88E4CE2D-8FA2-49A8-91BC-78CEF0D9E899}.Release|x64.Build.0 = Release|Any CPU
		{88E4CE2D-8FA2-49A8-91BC-78CEF0D9E899}.Release|x86.ActiveCfg = Release|Any CPU
		{88E4CE2D-8FA2-49A8-91BC-78CEF0D9E899}.Release|x86.Build.0 = Release|Any CPU
		{BA2A2307-AEB4-453B-A2DA-0270C7AFBD41}.Debug|Any CPU.ActiveCfg = Debug|Any CPU
		{BA2A2307-AEB4-453B-A2DA-0270C7AFBD41}.Debug|Any CPU.Build.0 = Debug|Any CPU
		{BA2A2307-AEB4-453B-A2DA-0270C7AFBD41}.Debug|x64.ActiveCfg = Debug|Any CPU
		{BA2A2307-AEB4-453B-A2DA-0270C7AFBD41}.Debug|x64.Build.0 = Debug|Any CPU
		{BA2A2307-AEB4-453B-A2DA-0270C7AFBD41}.Debug|x86.ActiveCfg = Debug|Any CPU
		{BA2A2307-AEB4-453B-A2DA-0270C7AFBD41}.Debug|x86.Build.0 = Debug|Any CPU
		{BA2A2307-AEB4-453B-A2DA-0270C7AFBD41}.Release|Any CPU.ActiveCfg = Release|Any CPU
		{BA2A2307-AEB4-453B-A2DA-0270C7AFBD41}.Release|Any CPU.Build.0 = Release|Any CPU
		{BA2A2307-AEB4-453B-A2DA-0270C7AFBD41}.Release|x64.ActiveCfg = Release|Any CPU
		{BA2A2307-AEB4-453B-A2DA-0270C7AFBD41}.Release|x64.Build.0 = Release|Any CPU
		{BA2A2307-AEB4-453B-A2DA-0270C7AFBD41}.Release|x86.ActiveCfg = Release|Any CPU
		{BA2A2307-AEB4-453B-A2DA-0270C7AFBD41}.Release|x86.Build.0 = Release|Any CPU
		{9A8661D3-CD5F-4F1E-AD9E-B70142729E79}.Debug|Any CPU.ActiveCfg = Debug|Any CPU
		{9A8661D3-CD5F-4F1E-AD9E-B70142729E79}.Debug|Any CPU.Build.0 = Debug|Any CPU
		{9A8661D3-CD5F-4F1E-AD9E-B70142729E79}.Debug|x64.ActiveCfg = Debug|Any CPU
		{9A8661D3-CD5F-4F1E-AD9E-B70142729E79}.Debug|x64.Build.0 = Debug|Any CPU
		{9A8661D3-CD5F-4F1E-AD9E-B70142729E79}.Debug|x86.ActiveCfg = Debug|Any CPU
		{9A8661D3-CD5F-4F1E-AD9E-B70142729E79}.Debug|x86.Build.0 = Debug|Any CPU
		{9A8661D3-CD5F-4F1E-AD9E-B70142729E79}.Release|Any CPU.ActiveCfg = Release|Any CPU
		{9A8661D3-CD5F-4F1E-AD9E-B70142729E79}.Release|Any CPU.Build.0 = Release|Any CPU
		{9A8661D3-CD5F-4F1E-AD9E-B70142729E79}.Release|x64.ActiveCfg = Release|Any CPU
		{9A8661D3-CD5F-4F1E-AD9E-B70142729E79}.Release|x64.Build.0 = Release|Any CPU
		{9A8661D3-CD5F-4F1E-AD9E-B70142729E79}.Release|x86.ActiveCfg = Release|Any CPU
		{9A8661D3-CD5F-4F1E-AD9E-B70142729E79}.Release|x86.Build.0 = Release|Any CPU
		{C7292586-77D5-4D75-9520-33CCEFB9E7B3}.Debug|Any CPU.ActiveCfg = Debug|Any CPU
		{C7292586-77D5-4D75-9520-33CCEFB9E7B3}.Debug|Any CPU.Build.0 = Debug|Any CPU
		{C7292586-77D5-4D75-9520-33CCEFB9E7B3}.Debug|x64.ActiveCfg = Debug|Any CPU
		{C7292586-77D5-4D75-9520-33CCEFB9E7B3}.Debug|x64.Build.0 = Debug|Any CPU
		{C7292586-77D5-4D75-9520-33CCEFB9E7B3}.Debug|x86.ActiveCfg = Debug|Any CPU
		{C7292586-77D5-4D75-9520-33CCEFB9E7B3}.Debug|x86.Build.0 = Debug|Any CPU
		{C7292586-77D5-4D75-9520-33CCEFB9E7B3}.Release|Any CPU.ActiveCfg = Release|Any CPU
		{C7292586-77D5-4D75-9520-33CCEFB9E7B3}.Release|Any CPU.Build.0 = Release|Any CPU
		{C7292586-77D5-4D75-9520-33CCEFB9E7B3}.Release|x64.ActiveCfg = Release|Any CPU
		{C7292586-77D5-4D75-9520-33CCEFB9E7B3}.Release|x64.Build.0 = Release|Any CPU
		{C7292586-77D5-4D75-9520-33CCEFB9E7B3}.Release|x86.ActiveCfg = Release|Any CPU
		{C7292586-77D5-4D75-9520-33CCEFB9E7B3}.Release|x86.Build.0 = Release|Any CPU
	EndGlobalSection
EndGlobal
